
Microsoft Visual Studio Solution File, Format Version 12.00
# Visual Studio Version 17
VisualStudioVersion = 17.0.32002.185
MinimumVisualStudioVersion = 10.0.40219.1
Project("{9A19103F-16F7-4668-BE54-9A1E7A4F7556}") = "Arsina.Framework.RestApi", "src\Arsina.Framework.RestApi\Arsina.Framework.RestApi.csproj", "{D3649AC9-27D6-4542-86DB-CBFA8A1521E3}"
EndProject
Project("{9A19103F-16F7-4668-BE54-9A1E7A4F7556}") = "Arsina.Framework.RestApi.Tests", "src\Arsina.Framework.RestApi.Tests\Arsina.Framework.RestApi.Tests.csproj", "{1DF41495-068A-44F9-9B3C-14B35B09E5A7}"
EndProject
Global
	GlobalSection(SolutionConfigurationPlatforms) = preSolution
		Debug|Any CPU = Debug|Any CPU
		Release|Any CPU = Release|Any CPU
	EndGlobalSection
	GlobalSection(ProjectConfigurationPlatforms) = postSolution
		{D3649AC9-27D6-4542-86DB-CBFA8A1521E3}.Debug|Any CPU.ActiveCfg = Debug|Any CPU
		{D3649AC9-27D6-4542-86DB-CBFA8A1521E3}.Debug|Any CPU.Build.0 = Debug|Any CPU
		{D3649AC9-27D6-4542-86DB-CBFA8A1521E3}.Release|Any CPU.ActiveCfg = Release|Any CPU
		{D3649AC9-27D6-4542-86DB-CBFA8A1521E3}.Release|Any CPU.Build.0 = Release|Any CPU
		{1DF41495-068A-44F9-9B3C-14B35B09E5A7}.Debug|Any CPU.ActiveCfg = Debug|Any CPU
		{1DF41495-068A-44F9-9B3C-14B35B09E5A7}.Debug|Any CPU.Build.0 = Debug|Any CPU
		{1DF41495-068A-44F9-9B3C-14B35B09E5A7}.Release|Any CPU.ActiveCfg = Release|Any CPU
		{1DF41495-068A-44F9-9B3C-14B35B09E5A7}.Release|Any CPU.Build.0 = Release|Any CPU
	EndGlobalSection
	GlobalSection(SolutionProperties) = preSolution
		HideSolutionNode = FALSE
	EndGlobalSection
	GlobalSection(ExtensibilityGlobals) = postSolution
		SolutionGuid = {B3FC3402-197D-4728-9D5B-6872210B6767}
	EndGlobalSection
EndGlobal
